
Microsoft Visual Studio Solution File, Format Version 12.00
# Visual Studio Version 17
VisualStudioVersion = 17.0.32112.339
MinimumVisualStudioVersion = 10.0.40219.1
Project("{9A19103F-16F7-4668-BE54-9A1E7A4F7556}") = "BoundedContextCanvasGenerator", "BoundedContextCanvasGenerator\BoundedContextCanvasGenerator.csproj", "{B0B02C35-E963-4878-B051-67B42FDED179}"
EndProject
Project("{2150E333-8FDC-42A3-9474-1A3956D46DE8}") = "Solution Items", "Solution Items", "{5A446394-FA40-432E-A9E9-21F6FE684F22}"
	ProjectSection(SolutionItems) = preProject
		README.md = README.md
	EndProjectSection
EndProject
Project("{9A19103F-16F7-4668-BE54-9A1E7A4F7556}") = "BoundedContextCanvasGenerator.Tests.Unit", "BoundedContextCanvasGenerator.Tests.Unit\BoundedContextCanvasGenerator.Tests.Unit.csproj", "{45833E34-ABA1-48D4-9CFF-A190AD52BC7E}"
EndProject
Project("{9A19103F-16F7-4668-BE54-9A1E7A4F7556}") = "BoundedContextCanvasGenerator.Tests.Integration", "BoundedContextCanvasGenerator.Tests.Integration\BoundedContextCanvasGenerator.Tests.Integration.csproj", "{E3C08B61-D966-4A11-AE40-471E28E4D274}"
EndProject
Project("{9A19103F-16F7-4668-BE54-9A1E7A4F7556}") = "BoundedContextCanvasGenerator.Domain", "BoundedContextCanvasGenerator.Domain\BoundedContextCanvasGenerator.Domain.csproj", "{7B7EBF05-CDD8-4D95-87E9-2B1C79B23C10}"
EndProject
Project("{9A19103F-16F7-4668-BE54-9A1E7A4F7556}") = "BoundedContextCanvasGenerator.Application", "BoundedContextCanvasGenerator.Application\BoundedContextCanvasGenerator.Application.csproj", "{FF58B9BF-01C6-40B5-A65E-A6A559C83432}"
EndProject
Project("{9A19103F-16F7-4668-BE54-9A1E7A4F7556}") = "BoundedContextCanvasGenerator.Infrastructure", "BoundedContextCanvasGenerator.Infrastructure\BoundedContextCanvasGenerator.Infrastructure.csproj", "{D6CAB014-60F3-4F13-82BE-7485AE5860F5}"
EndProject
Project("{FAE04EC0-301F-11D3-BF4B-00C04F79EFBC}") = "BoundedContextCanvasGenerator.Infrastructure.Markdown", "BoundedContextCanvasGenerator.Infrastructure.Markdown\BoundedContextCanvasGenerator.Infrastructure.Markdown.csproj", "{88CEAFA3-2C3B-4F7B-ACBB-245ED1A625D0}"
EndProject
Global
	GlobalSection(SolutionConfigurationPlatforms) = preSolution
		Debug|Any CPU = Debug|Any CPU
		Release|Any CPU = Release|Any CPU
	EndGlobalSection
	GlobalSection(ProjectConfigurationPlatforms) = postSolution
		{B0B02C35-E963-4878-B051-67B42FDED179}.Debug|Any CPU.ActiveCfg = Debug|Any CPU
		{B0B02C35-E963-4878-B051-67B42FDED179}.Debug|Any CPU.Build.0 = Debug|Any CPU
		{B0B02C35-E963-4878-B051-67B42FDED179}.Release|Any CPU.ActiveCfg = Release|Any CPU
		{B0B02C35-E963-4878-B051-67B42FDED179}.Release|Any CPU.Build.0 = Release|Any CPU
		{45833E34-ABA1-48D4-9CFF-A190AD52BC7E}.Debug|Any CPU.ActiveCfg = Debug|Any CPU
		{45833E34-ABA1-48D4-9CFF-A190AD52BC7E}.Debug|Any CPU.Build.0 = Debug|Any CPU
		{45833E34-ABA1-48D4-9CFF-A190AD52BC7E}.Release|Any CPU.ActiveCfg = Release|Any CPU
		{45833E34-ABA1-48D4-9CFF-A190AD52BC7E}.Release|Any CPU.Build.0 = Release|Any CPU
		{E3C08B61-D966-4A11-AE40-471E28E4D274}.Debug|Any CPU.ActiveCfg = Debug|Any CPU
		{E3C08B61-D966-4A11-AE40-471E28E4D274}.Debug|Any CPU.Build.0 = Debug|Any CPU
		{E3C08B61-D966-4A11-AE40-471E28E4D274}.Release|Any CPU.ActiveCfg = Release|Any CPU
		{E3C08B61-D966-4A11-AE40-471E28E4D274}.Release|Any CPU.Build.0 = Release|Any CPU
		{7B7EBF05-CDD8-4D95-87E9-2B1C79B23C10}.Debug|Any CPU.ActiveCfg = Debug|Any CPU
		{7B7EBF05-CDD8-4D95-87E9-2B1C79B23C10}.Debug|Any CPU.Build.0 = Debug|Any CPU
		{7B7EBF05-CDD8-4D95-87E9-2B1C79B23C10}.Release|Any CPU.ActiveCfg = Release|Any CPU
		{7B7EBF05-CDD8-4D95-87E9-2B1C79B23C10}.Release|Any CPU.Build.0 = Release|Any CPU
		{FF58B9BF-01C6-40B5-A65E-A6A559C83432}.Debug|Any CPU.ActiveCfg = Debug|Any CPU
		{FF58B9BF-01C6-40B5-A65E-A6A559C83432}.Debug|Any CPU.Build.0 = Debug|Any CPU
		{FF58B9BF-01C6-40B5-A65E-A6A559C83432}.Release|Any CPU.ActiveCfg = Release|Any CPU
		{FF58B9BF-01C6-40B5-A65E-A6A559C83432}.Release|Any CPU.Build.0 = Release|Any CPU
		{D6CAB014-60F3-4F13-82BE-7485AE5860F5}.Debug|Any CPU.ActiveCfg = Debug|Any CPU
		{D6CAB014-60F3-4F13-82BE-7485AE5860F5}.Debug|Any CPU.Build.0 = Debug|Any CPU
		{D6CAB014-60F3-4F13-82BE-7485AE5860F5}.Release|Any CPU.ActiveCfg = Release|Any CPU
		{D6CAB014-60F3-4F13-82BE-7485AE5860F5}.Release|Any CPU.Build.0 = Release|Any CPU
		{88CEAFA3-2C3B-4F7B-ACBB-245ED1A625D0}.Debug|Any CPU.ActiveCfg = Debug|Any CPU
		{88CEAFA3-2C3B-4F7B-ACBB-245ED1A625D0}.Debug|Any CPU.Build.0 = Debug|Any CPU
		{88CEAFA3-2C3B-4F7B-ACBB-245ED1A625D0}.Release|Any CPU.ActiveCfg = Release|Any CPU
		{88CEAFA3-2C3B-4F7B-ACBB-245ED1A625D0}.Release|Any CPU.Build.0 = Release|Any CPU
	EndGlobalSection
	GlobalSection(SolutionProperties) = preSolution
		HideSolutionNode = FALSE
	EndGlobalSection
	GlobalSection(ExtensibilityGlobals) = postSolution
		SolutionGuid = {66B3BD1A-E0E8-4EDB-B017-D3687B116498}
	EndGlobalSection
EndGlobal
